
Microsoft Visual Studio Solution File, Format Version 12.00
# Visual Studio Version 17
VisualStudioVersion = 17.3.32922.545
MinimumVisualStudioVersion = 10.0.40219.1
Project("{9A19103F-16F7-4668-BE54-9A1E7A4F7556}") = "TwinCATRx", "TwinCATRx\TwinCATRx.csproj", "{4620B673-4D62-4117-9B1B-314AD216CEAA}"
EndProject
Project("{2150E333-8FDC-42A3-9474-1A3956D46DE8}") = "ProjectConfig", "ProjectConfig", "{8DC1796E-D3CC-4BBB-9FD9-03174AE020BB}"
	ProjectSection(SolutionItems) = preProject
		..\.editorconfig = ..\.editorconfig
		..\.gitignore = ..\.gitignore
		..\Directory.Build.props = ..\Directory.Build.props
		..\README.md = ..\README.md
		..\stylecop.json = ..\stylecop.json
		..\Version.json = ..\Version.json
	EndProjectSection
EndProject
Project("{9A19103F-16F7-4668-BE54-9A1E7A4F7556}") = "TwinCATRx.TestConsole", "TwinCATRx.TestConsole\TwinCATRx.TestConsole.csproj", "{DBEB2677-0E8F-47A2-AC22-C9F1D25A70D3}"
EndProject
Project("{9A19103F-16F7-4668-BE54-9A1E7A4F7556}") = "TwinCATRx.Core", "TwinCATRx.Core\TwinCATRx.Core.csproj", "{7833002D-9032-4816-B8A1-E861BFB0F5FE}"
EndProject
Project("{9A19103F-16F7-4668-BE54-9A1E7A4F7556}") = "_build", "..\build\_build.csproj", "{B399408B-6B2C-445D-9335-3F80D70F27BA}"
EndProject
Global
	GlobalSection(SolutionConfigurationPlatforms) = preSolution
		Debug|Any CPU = Debug|Any CPU
		Release|Any CPU = Release|Any CPU
	EndGlobalSection
	GlobalSection(ProjectConfigurationPlatforms) = postSolution
		{4620B673-4D62-4117-9B1B-314AD216CEAA}.Debug|Any CPU.ActiveCfg = Debug|Any CPU
		{4620B673-4D62-4117-9B1B-314AD216CEAA}.Debug|Any CPU.Build.0 = Debug|Any CPU
		{4620B673-4D62-4117-9B1B-314AD216CEAA}.Release|Any CPU.ActiveCfg = Release|Any CPU
		{4620B673-4D62-4117-9B1B-314AD216CEAA}.Release|Any CPU.Build.0 = Release|Any CPU
		{DBEB2677-0E8F-47A2-AC22-C9F1D25A70D3}.Debug|Any CPU.ActiveCfg = Debug|Any CPU
		{DBEB2677-0E8F-47A2-AC22-C9F1D25A70D3}.Debug|Any CPU.Build.0 = Debug|Any CPU
		{DBEB2677-0E8F-47A2-AC22-C9F1D25A70D3}.Release|Any CPU.ActiveCfg = Release|Any CPU
		{DBEB2677-0E8F-47A2-AC22-C9F1D25A70D3}.Release|Any CPU.Build.0 = Release|Any CPU
		{7833002D-9032-4816-B8A1-E861BFB0F5FE}.Debug|Any CPU.ActiveCfg = Debug|Any CPU
		{7833002D-9032-4816-B8A1-E861BFB0F5FE}.Debug|Any CPU.Build.0 = Debug|Any CPU
		{7833002D-9032-4816-B8A1-E861BFB0F5FE}.Release|Any CPU.ActiveCfg = Release|Any CPU
		{7833002D-9032-4816-B8A1-E861BFB0F5FE}.Release|Any CPU.Build.0 = Release|Any CPU
		{B399408B-6B2C-445D-9335-3F80D70F27BA}.Debug|Any CPU.ActiveCfg = Debug|Any CPU
		{B399408B-6B2C-445D-9335-3F80D70F27BA}.Release|Any CPU.ActiveCfg = Release|Any CPU
	EndGlobalSection
	GlobalSection(SolutionProperties) = preSolution
		HideSolutionNode = FALSE
	EndGlobalSection
	GlobalSection(ExtensibilityGlobals) = postSolution
		SolutionGuid = {7C8DF7BC-9BB9-4ACF-82E6-33AE1175A70B}
	EndGlobalSection
EndGlobal
